# THIS IS AN AUTOGENERATED FILE. DO NOT EDIT THIS FILE DIRECTLY.
# yarn lockfile v1


"@material/animation@^5.1.0":
  version "5.1.0"
  resolved "https://registry.yarnpkg.com/@material/animation/-/animation-5.1.0.tgz#f2d2ffe346f2612bb40d9e8bfb976290b91173f7"
  integrity sha512-qZuPCZkTsCQCzx5EtY2eNBcmYOMGMbFVq6VTmvQztDCYDykT8JfP8Hpk55Y5bGORHvBbIasUXzoAhfQs6w/Bdg==
  dependencies:
    tslib "^1.9.3"

"@material/base@^5.1.0":
  version "5.1.0"
  resolved "https://registry.yarnpkg.com/@material/base/-/base-5.1.0.tgz#bd252eb3674c27c1ce690ad98905b4b1d39da30a"
  integrity sha512-UxVFKpSNaoKqd7hHxy9hrvwANp0WJy/BZqu8Rj/aRvKnBZnuHehFuOysI9WqdeTqgveJaQoj6EEkVEqLurR5Sg==
  dependencies:
    tslib "^1.9.3"

"@material/density@^5.1.0":
  version "5.1.0"
  resolved "https://registry.yarnpkg.com/@material/density/-/density-5.1.0.tgz#d36512d413a00595122f98303766dae6b9e9fabe"
  integrity sha512-jmp6AgiNYosl+HicxWCa8vib9pg9tNxRcf+6f9LDkDYJ9jtO90PXuypyd0hO64JZ9Df7BywFj5hTWPERG1FBbw==

"@material/dom@^5.1.0":
  version "5.1.0"
  resolved "https://registry.yarnpkg.com/@material/dom/-/dom-5.1.0.tgz#fefb96e1f744653dfc3ecdb01f7ebef81ce1faeb"
  integrity sha512-tBbl3hG34Auv+2sboWhtstXeZ9rx3G7hb/jEXs5xZ5KIfZHwY4mbo0KqR/fSJZKaUsvk2Nc/UEOVcUx2mTNmYg==
  dependencies:
    tslib "^1.9.3"

"@material/feature-targeting@^5.1.0":
  version "5.1.0"
  resolved "https://registry.yarnpkg.com/@material/feature-targeting/-/feature-targeting-5.1.0.tgz#49265bbd4ff59b1cd20a385b5547f7c246cb1955"
  integrity sha512-z3JNWF7lP9WOzw1xBwul/HAOu4qC6EpK/8MkhjLNI9APvdYML82PWS1V0k0MiqA6Jk6uxm8DiVAk9VUqBa9/YA==

"@material/floating-label@^5.1.0":
  version "5.1.0"
  resolved "https://registry.yarnpkg.com/@material/floating-label/-/floating-label-5.1.0.tgz#8d654b3f2ca98248e5a73a63feec8f4523c5ab4f"
  integrity sha512-5EwPiBa5A4Q678tNWdkkBGDdSCDzudhVgBtRiA/7xRo4dHXiBxX5bhE+RHrF3ZQyEf6fsShspqwAFkTA1EaplQ==
  dependencies:
    "@material/animation" "^5.1.0"
    "@material/base" "^5.1.0"
    "@material/dom" "^5.1.0"
    "@material/feature-targeting" "^5.1.0"
    "@material/rtl" "^5.1.0"
    "@material/theme" "^5.1.0"
    "@material/typography" "^5.1.0"
    tslib "^1.9.3"

"@material/line-ripple@^5.1.0":
  version "5.1.0"
  resolved "https://registry.yarnpkg.com/@material/line-ripple/-/line-ripple-5.1.0.tgz#86cb1b8a91bf010231109211b8eb38ad059f5f23"
  integrity sha512-esf2/ROZl1eVpyGCWPvxMSGVkuIOG5Fm6qufOLp7XIx5IL1O0bsm+bV6cVC4JCCtmNOag4GOBgkKKbkOvp/R6g==
  dependencies:
    "@material/animation" "^5.1.0"
    "@material/base" "^5.1.0"
    "@material/feature-targeting" "^5.1.0"
    "@material/theme" "^5.1.0"
    tslib "^1.9.3"

"@material/notched-outline@^5.1.0":
  version "5.1.0"
  resolved "https://registry.yarnpkg.com/@material/notched-outline/-/notched-outline-5.1.0.tgz#4ec97001ed6bbb66f04100b7745ae99d19a4d16e"
  integrity sha512-mQ3NjJR1jLXnJi6jhs20ftTf0yU1gWpYlyx1GizU0f7pLEqcIrFnw6G+pavcnKqP+JXNkzAQeGbmZvYBQnxokA==
  dependencies:
    "@material/base" "^5.1.0"
    "@material/feature-targeting" "^5.1.0"
    "@material/floating-label" "^5.1.0"
    "@material/rtl" "^5.1.0"
    "@material/shape" "^5.1.0"
    "@material/theme" "^5.1.0"
    tslib "^1.9.3"

"@material/ripple@^5.1.0":
  version "5.1.0"
  resolved "https://registry.yarnpkg.com/@material/ripple/-/ripple-5.1.0.tgz#6624e0ff7718d6bfa65fecd0bca4c03d2696c07b"
  integrity sha512-mluIf+HaaCplszp9/MAl178FpfIJWi5hSyQOpF7w8RTzRSaH8J0uwgmn8VeNnwe1TAWio0vQzHrz4iEg2r7Ngw==
  dependencies:
    "@material/animation" "^5.1.0"
    "@material/base" "^5.1.0"
    "@material/dom" "^5.1.0"
    "@material/feature-targeting" "^5.1.0"
    "@material/theme" "^5.1.0"
    tslib "^1.9.3"

"@material/rtl@^5.1.0":
  version "5.1.0"
  resolved "https://registry.yarnpkg.com/@material/rtl/-/rtl-5.1.0.tgz#abd8c2bb5322b8fbe549e2f467791612720da746"
  integrity sha512-Hij4KJIfjK63HArdQ3K1INMo0MbigDgL0JhjO1VDk5c+iYmYpjDI7wgPLmV5ISCBtenXRWpo1xbBO3uEmtCd4Q==

"@material/shape@^5.1.0":
  version "5.1.0"
  resolved "https://registry.yarnpkg.com/@material/shape/-/shape-5.1.0.tgz#155d01c6fdc90a9225fef297fe146c1946a6c147"
  integrity sha512-/k27T9fhQ1zj7VCsS26nv0TzsOi142ncik2mycEXq8753PDBotob7Y19pbwivwt9QxkglhMGH0EaWdZPzBoQXw==
  dependencies:
    "@material/feature-targeting" "^5.1.0"
    "@material/rtl" "^5.1.0"

"@material/textfield@^5.1.0":
  version "5.1.0"
  resolved "https://registry.yarnpkg.com/@material/textfield/-/textfield-5.1.0.tgz#75f68c62dc916116330a4c958ba3866c87bd6002"
  integrity sha512-Vipvw75AXj4G/BGXv3DyrGozbvHxGtcNGig1e5pz1ERvcmZN5epLyGStznxEIZYNf0Q+6O/NwSRxZGgrdI2w8w==
  dependencies:
    "@material/animation" "^5.1.0"
    "@material/base" "^5.1.0"
    "@material/density" "^5.1.0"
    "@material/dom" "^5.1.0"
    "@material/feature-targeting" "^5.1.0"
    "@material/floating-label" "^5.1.0"
    "@material/line-ripple" "^5.1.0"
    "@material/notched-outline" "^5.1.0"
    "@material/ripple" "^5.1.0"
    "@material/rtl" "^5.1.0"
    "@material/shape" "^5.1.0"
    "@material/theme" "^5.1.0"
    "@material/typography" "^5.1.0"
    tslib "^1.9.3"

"@material/theme@^5.1.0":
  version "5.1.0"
  resolved "https://registry.yarnpkg.com/@material/theme/-/theme-5.1.0.tgz#013c37d055afc5d4045c77e44c9fd1f940ff865b"
  integrity sha512-VoaCYAubn/oEG1/fu/yP4nxAw8sLEphFOGGBJxcPGQoLgQ9qcvibsV3G5H9S6AtmhJxgSGU0JnO9TaiuhQq5zA==
  dependencies:
    "@material/feature-targeting" "^5.1.0"

"@material/typography@^5.1.0":
  version "5.1.0"
  resolved "https://registry.yarnpkg.com/@material/typography/-/typography-5.1.0.tgz#b346f4139b231f17c84c439a1c7af311c40c5844"
  integrity sha512-yh02koa6JLyPT5u7Zb31kyqhoZoppL0n9FmZK+eHXZcfeDF7ROL0UmtRsEjQxfnCNZRR+FIhAgrzdYxClwH05g==
  dependencies:
    "@material/feature-targeting" "^5.1.0"
    "@material/theme" "^5.1.0"

"@mcwv/base@^0.15.0":
  version "0.15.0"
  resolved "https://registry.yarnpkg.com/@mcwv/base/-/base-0.15.0.tgz#5419b0c7ece4aab24d438089e743f938177672df"
  integrity sha512-MzXT5TMxOYGCIgYGtVE7DANogYab8/aFtqR8uSaeG6ggxc/pJwqrOuqs43gcO5uoHUujOmYdGygK1Q0/yYPKZg==

"@mcwv/floating-label@^0.15.0":
  version "0.15.0"
  resolved "https://registry.yarnpkg.com/@mcwv/floating-label/-/floating-label-0.15.0.tgz#dc98e4a29e964cc2e19cae5a8f9ac32d5d2d3e11"
  integrity sha512-ZME7mQu0xmz5Kt5VrVae47+s/Il7SmkGGOy4K48/PWSGDabO7RgeJjAl0Gjz7tN7xbsDu5XhwxJWF3QAOcs7vQ==
  dependencies:
    "@material/floating-label" "^5.1.0"
    "@mcwv/base" "^0.15.0"

"@mcwv/line-ripple@^0.15.0":
  version "0.15.0"
  resolved "https://registry.yarnpkg.com/@mcwv/line-ripple/-/line-ripple-0.15.0.tgz#d031d84539bd15dc60f3902b77db88898dfe5b11"
  integrity sha512-QGbbUFhW4/g/hI+u+eKRU1WmKBBI8FRrk25I/UGE1JizogCEQAK575zConQ7YRI6U6y1415yf9tdHXgzkIUh8g==
  dependencies:
    "@material/line-ripple" "^5.1.0"
    "@mcwv/base" "^0.15.0"

"@mcwv/notched-outline@^0.15.0":
  version "0.15.0"
  resolved "https://registry.yarnpkg.com/@mcwv/notched-outline/-/notched-outline-0.15.0.tgz#c7d9cf0aa896b3a43d7f60a1693d2c0f60b02573"
  integrity sha512-zj91RouoBaKR7xaWPE+kqHvIlkckeS03roGVkA0jrBXcpd/aLDBMR7jsqpHAmj1FaWBHFH5BQnO+YxMM5EZpAg==
  dependencies:
    "@material/notched-outline" "^5.1.0"
    "@mcwv/base" "^0.15.0"
    "@mcwv/floating-label" "^0.15.0"

"@mcwv/ripple@^0.15.0":
  version "0.15.0"
  resolved "https://registry.yarnpkg.com/@mcwv/ripple/-/ripple-0.15.0.tgz#d463654ae3047611b3ad1111f3e7c903d5702210"
  integrity sha512-6mfqDMArIIGbKS2zjuhfnjmLou26iK1EjXQ7V52InzhNSUKoEqSB/r2N0SZ04R0adecRWMJ7cP+1U3Zy1mzrgQ==
  dependencies:
    "@material/dom" "^5.1.0"
    "@material/ripple" "^5.1.0"
    "@mcwv/base" "^0.15.0"

tslib@^1.9.3:
  version "1.11.1"
  resolved "https://registry.yarnpkg.com/tslib/-/tslib-1.11.1.tgz#eb15d128827fbee2841549e171f45ed338ac7e35"
  integrity sha512-aZW88SY8kQbU7gpV19lN24LtXh/yD4ZZg6qieAJDDg+YBsJcSmLGK9QpnUjAKVG/xefmvJGd1WUmfpT/g6AJGA==
